// !$*UTF8*$!
{
	archiveVersion = 1;
	classes = {
	};
	objectVersion = 50;
	objects = {

/* Begin PBXBuildFile section */
		DC44AC73264B0AD8001A3FD4 /* AppDelegate.swift in Sources */ = {isa = PBXBuildFile; fileRef = DC44AC72264B0AD8001A3FD4 /* AppDelegate.swift */; };
		DC44AC75264B0AD8001A3FD4 /* SceneDelegate.swift in Sources */ = {isa = PBXBuildFile; fileRef = DC44AC74264B0AD8001A3FD4 /* SceneDelegate.swift */; };
		DC44AC7A264B0AD8001A3FD4 /* Main.storyboard in Resources */ = {isa = PBXBuildFile; fileRef = DC44AC78264B0AD8001A3FD4 /* Main.storyboard */; };
		DC44AC7D264B0AD8001A3FD4 /* Spending_Management_Tool.xcdatamodeld in Sources */ = {isa = PBXBuildFile; fileRef = DC44AC7B264B0AD8001A3FD4 /* Spending_Management_Tool.xcdatamodeld */; };
		DC44AC7F264B0ADB001A3FD4 /* Assets.xcassets in Resources */ = {isa = PBXBuildFile; fileRef = DC44AC7E264B0ADB001A3FD4 /* Assets.xcassets */; };
		DC44AC82264B0ADB001A3FD4 /* LaunchScreen.storyboard in Resources */ = {isa = PBXBuildFile; fileRef = DC44AC80264B0ADB001A3FD4 /* LaunchScreen.storyboard */; };
		DC44AC93264C2CA5001A3FD4 /* AddCategoryViewController.swift in Sources */ = {isa = PBXBuildFile; fileRef = DC44AC92264C2CA5001A3FD4 /* AddCategoryViewController.swift */; };
		DC44AC97264CC075001A3FD4 /* CategoryListViewController.swift in Sources */ = {isa = PBXBuildFile; fileRef = DC44AC96264CC075001A3FD4 /* CategoryListViewController.swift */; };
		DC44AC9B264CC08C001A3FD4 /* CategoryDetailsViewController.swift in Sources */ = {isa = PBXBuildFile; fileRef = DC44AC9A264CC08C001A3FD4 /* CategoryDetailsViewController.swift */; };
		DC44AC9F264CC96D001A3FD4 /* enums.swift in Sources */ = {isa = PBXBuildFile; fileRef = DC44AC9E264CC96D001A3FD4 /* enums.swift */; };
		DC44ACAB264CDAC8001A3FD4 /* CustomTableViewCell.swift in Sources */ = {isa = PBXBuildFile; fileRef = DC44ACA9264CDAC8001A3FD4 /* CustomTableViewCell.swift */; };
		DC44ACAC264CDAC8001A3FD4 /* CustomTableViewCell.xib in Resources */ = {isa = PBXBuildFile; fileRef = DC44ACAA264CDAC8001A3FD4 /* CustomTableViewCell.xib */; };
		DC44ACB1264DC417001A3FD4 /* AddExpenseViewController.swift in Sources */ = {isa = PBXBuildFile; fileRef = DC44ACB0264DC417001A3FD4 /* AddExpenseViewController.swift */; };
		DC44ACB4264F0A6D001A3FD4 /* PieChart.swift in Sources */ = {isa = PBXBuildFile; fileRef = DC44ACB3264F0A6D001A3FD4 /* PieChart.swift */; };
		DC44ACB8264F2104001A3FD4 /* ExpenseTableViewCell.swift in Sources */ = {isa = PBXBuildFile; fileRef = DC44ACB6264F2104001A3FD4 /* ExpenseTableViewCell.swift */; };
		DC44ACB9264F2104001A3FD4 /* ExpenseTableViewCell.xib in Resources */ = {isa = PBXBuildFile; fileRef = DC44ACB7264F2104001A3FD4 /* ExpenseTableViewCell.xib */; };
		DC76B5E7265479C20070B8BF /* ProgressBar.swift in Sources */ = {isa = PBXBuildFile; fileRef = DC76B5E6265479C20070B8BF /* ProgressBar.swift */; };
		DC76B5EA26554A6B0070B8BF /* TableView.swift in Sources */ = {isa = PBXBuildFile; fileRef = DC76B5E926554A6B0070B8BF /* TableView.swift */; };
/* End PBXBuildFile section */

/* Begin PBXFileReference section */
		DC44AC6F264B0AD8001A3FD4 /* Spending Management Tool.app */ = {isa = PBXFileReference; explicitFileType = wrapper.application; includeInIndex = 0; path = "Spending Management Tool.app"; sourceTree = BUILT_PRODUCTS_DIR; };
		DC44AC72264B0AD8001A3FD4 /* AppDelegate.swift */ = {isa = PBXFileReference; lastKnownFileType = sourcecode.swift; path = AppDelegate.swift; sourceTree = "<group>"; };
		DC44AC74264B0AD8001A3FD4 /* SceneDelegate.swift */ = {isa = PBXFileReference; lastKnownFileType = sourcecode.swift; path = SceneDelegate.swift; sourceTree = "<group>"; };
		DC44AC79264B0AD8001A3FD4 /* Base */ = {isa = PBXFileReference; lastKnownFileType = file.storyboard; name = Base; path = Base.lproj/Main.storyboard; sourceTree = "<group>"; };
		DC44AC7C264B0AD8001A3FD4 /* Spending_Management_Tool.xcdatamodel */ = {isa = PBXFileReference; lastKnownFileType = wrapper.xcdatamodel; path = Spending_Management_Tool.xcdatamodel; sourceTree = "<group>"; };
		DC44AC7E264B0ADB001A3FD4 /* Assets.xcassets */ = {isa = PBXFileReference; lastKnownFileType = folder.assetcatalog; path = Assets.xcassets; sourceTree = "<group>"; };
		DC44AC81264B0ADB001A3FD4 /* Base */ = {isa = PBXFileReference; lastKnownFileType = file.storyboard; name = Base; path = Base.lproj/LaunchScreen.storyboard; sourceTree = "<group>"; };
		DC44AC83264B0ADB001A3FD4 /* Info.plist */ = {isa = PBXFileReference; lastKnownFileType = text.plist.xml; path = Info.plist; sourceTree = "<group>"; };
		DC44AC92264C2CA5001A3FD4 /* AddCategoryViewController.swift */ = {isa = PBXFileReference; lastKnownFileType = sourcecode.swift; path = AddCategoryViewController.swift; sourceTree = "<group>"; };
		DC44AC96264CC075001A3FD4 /* CategoryListViewController.swift */ = {isa = PBXFileReference; lastKnownFileType = sourcecode.swift; path = CategoryListViewController.swift; sourceTree = "<group>"; };
		DC44AC9A264CC08C001A3FD4 /* CategoryDetailsViewController.swift */ = {isa = PBXFileReference; lastKnownFileType = sourcecode.swift; path = CategoryDetailsViewController.swift; sourceTree = "<group>"; };
		DC44AC9E264CC96D001A3FD4 /* enums.swift */ = {isa = PBXFileReference; lastKnownFileType = sourcecode.swift; path = enums.swift; sourceTree = "<group>"; };
		DC44ACA9264CDAC8001A3FD4 /* CustomTableViewCell.swift */ = {isa = PBXFileReference; lastKnownFileType = sourcecode.swift; name = CustomTableViewCell.swift; path = "Spending Management Tool/View/CustomTableViewCell.swift"; sourceTree = SOURCE_ROOT; };
		DC44ACAA264CDAC8001A3FD4 /* CustomTableViewCell.xib */ = {isa = PBXFileReference; lastKnownFileType = file.xib; name = CustomTableViewCell.xib; path = "Spending Management Tool/View/CustomTableViewCell.xib"; sourceTree = SOURCE_ROOT; };
		DC44ACB0264DC417001A3FD4 /* AddExpenseViewController.swift */ = {isa = PBXFileReference; lastKnownFileType = sourcecode.swift; path = AddExpenseViewController.swift; sourceTree = "<group>"; };
		DC44ACB3264F0A6D001A3FD4 /* PieChart.swift */ = {isa = PBXFileReference; lastKnownFileType = sourcecode.swift; path = PieChart.swift; sourceTree = "<group>"; };
		DC44ACB6264F2104001A3FD4 /* ExpenseTableViewCell.swift */ = {isa = PBXFileReference; lastKnownFileType = sourcecode.swift; path = ExpenseTableViewCell.swift; sourceTree = "<group>"; };
		DC44ACB7264F2104001A3FD4 /* ExpenseTableViewCell.xib */ = {isa = PBXFileReference; lastKnownFileType = file.xib; path = ExpenseTableViewCell.xib; sourceTree = "<group>"; };
		DC76B5E6265479C20070B8BF /* ProgressBar.swift */ = {isa = PBXFileReference; lastKnownFileType = sourcecode.swift; path = ProgressBar.swift; sourceTree = "<group>"; };
		DC76B5E926554A6B0070B8BF /* TableView.swift */ = {isa = PBXFileReference; lastKnownFileType = sourcecode.swift; path = TableView.swift; sourceTree = "<group>"; };
/* End PBXFileReference section */

/* Begin PBXFrameworksBuildPhase section */
		DC44AC6C264B0AD8001A3FD4 /* Frameworks */ = {
			isa = PBXFrameworksBuildPhase;
			buildActionMask = 2147483647;
			files = (
			);
			runOnlyForDeploymentPostprocessing = 0;
		};
/* End PBXFrameworksBuildPhase section */

/* Begin PBXGroup section */
		DC44AC66264B0AD8001A3FD4 = {
			isa = PBXGroup;
			children = (
				DC44AC71264B0AD8001A3FD4 /* Spending Management Tool */,
				DC44AC70264B0AD8001A3FD4 /* Products */,
			);
			sourceTree = "<group>";
		};
		DC44AC70264B0AD8001A3FD4 /* Products */ = {
			isa = PBXGroup;
			children = (
				DC44AC6F264B0AD8001A3FD4 /* Spending Management Tool.app */,
			);
			name = Products;
			sourceTree = "<group>";
		};
		DC44AC71264B0AD8001A3FD4 /* Spending Management Tool */ = {
			isa = PBXGroup;
			children = (
				DC44AC9D264CC959001A3FD4 /* Helper */,
				DC44AC8E264B0D1D001A3FD4 /* Controller */,
				DC44AC8D264B0D11001A3FD4 /* View */,
				DC44AC8B264B0D01001A3FD4 /* Model */,
				DC44AC72264B0AD8001A3FD4 /* AppDelegate.swift */,
				DC44AC74264B0AD8001A3FD4 /* SceneDelegate.swift */,
				DC44AC7E264B0ADB001A3FD4 /* Assets.xcassets */,
				DC44AC80264B0ADB001A3FD4 /* LaunchScreen.storyboard */,
				DC44AC83264B0ADB001A3FD4 /* Info.plist */,
				DC44AC7B264B0AD8001A3FD4 /* Spending_Management_Tool.xcdatamodeld */,
			);
			path = "Spending Management Tool";
			sourceTree = "<group>";
		};
		DC44AC8B264B0D01001A3FD4 /* Model */ = {
			isa = PBXGroup;
			children = (
			);
			path = Model;
			sourceTree = "<group>";
		};
		DC44AC8D264B0D11001A3FD4 /* View */ = {
			isa = PBXGroup;
			children = (
				DC44ACA9264CDAC8001A3FD4 /* CustomTableViewCell.swift */,
				DC44ACAA264CDAC8001A3FD4 /* CustomTableViewCell.xib */,
				DC44AC78264B0AD8001A3FD4 /* Main.storyboard */,
				DC44ACB6264F2104001A3FD4 /* ExpenseTableViewCell.swift */,
				DC44ACB7264F2104001A3FD4 /* ExpenseTableViewCell.xib */,
			);
			path = View;
			sourceTree = "<group>";
		};
		DC44AC8E264B0D1D001A3FD4 /* Controller */ = {
			isa = PBXGroup;
			children = (
				DC44AC92264C2CA5001A3FD4 /* AddCategoryViewController.swift */,
				DC44AC96264CC075001A3FD4 /* CategoryListViewController.swift */,
				DC44AC9A264CC08C001A3FD4 /* CategoryDetailsViewController.swift */,
				DC44ACB0264DC417001A3FD4 /* AddExpenseViewController.swift */,
			);
			path = Controller;
			sourceTree = "<group>";
		};
		DC44AC9D264CC959001A3FD4 /* Helper */ = {
			isa = PBXGroup;
			children = (
				DC44AC9E264CC96D001A3FD4 /* enums.swift */,
				DC44ACB3264F0A6D001A3FD4 /* PieChart.swift */,
				DC76B5E6265479C20070B8BF /* ProgressBar.swift */,
				DC76B5E926554A6B0070B8BF /* TableView.swift */,
			);
			path = Helper;
			sourceTree = "<group>";
		};
/* End PBXGroup section */

/* Begin PBXNativeTarget section */
		DC44AC6E264B0AD8001A3FD4 /* Spending Management Tool */ = {
			isa = PBXNativeTarget;
			buildConfigurationList = DC44AC86264B0ADB001A3FD4 /* Build configuration list for PBXNativeTarget "Spending Management Tool" */;
			buildPhases = (
				DC44AC6B264B0AD8001A3FD4 /* Sources */,
				DC44AC6C264B0AD8001A3FD4 /* Frameworks */,
				DC44AC6D264B0AD8001A3FD4 /* Resources */,
			);
			buildRules = (
			);
			dependencies = (
			);
			name = "Spending Management Tool";
			productName = "Spending Management Tool";
			productReference = DC44AC6F264B0AD8001A3FD4 /* Spending Management Tool.app */;
			productType = "com.apple.product-type.application";
		};
/* End PBXNativeTarget section */

/* Begin PBXProject section */
		DC44AC67264B0AD8001A3FD4 /* Project object */ = {
			isa = PBXProject;
			attributes = {
				LastSwiftUpdateCheck = 1240;
				LastUpgradeCheck = 1240;
				TargetAttributes = {
					DC44AC6E264B0AD8001A3FD4 = {
						CreatedOnToolsVersion = 12.4;
					};
				};
			};
			buildConfigurationList = DC44AC6A264B0AD8001A3FD4 /* Build configuration list for PBXProject "Spending Management Tool" */;
			compatibilityVersion = "Xcode 9.3";
			developmentRegion = en;
			hasScannedForEncodings = 0;
			knownRegions = (
				en,
				Base,
			);
			mainGroup = DC44AC66264B0AD8001A3FD4;
			productRefGroup = DC44AC70264B0AD8001A3FD4 /* Products */;
			projectDirPath = "";
			projectRoot = "";
			targets = (
				DC44AC6E264B0AD8001A3FD4 /* Spending Management Tool */,
			);
		};
/* End PBXProject section */

/* Begin PBXResourcesBuildPhase section */
		DC44AC6D264B0AD8001A3FD4 /* Resources */ = {
			isa = PBXResourcesBuildPhase;
			buildActionMask = 2147483647;
			files = (
				DC44AC82264B0ADB001A3FD4 /* LaunchScreen.storyboard in Resources */,
				DC44AC7F264B0ADB001A3FD4 /* Assets.xcassets in Resources */,
				DC44ACAC264CDAC8001A3FD4 /* CustomTableViewCell.xib in Resources */,
				DC44AC7A264B0AD8001A3FD4 /* Main.storyboard in Resources */,
				DC44ACB9264F2104001A3FD4 /* ExpenseTableViewCell.xib in Resources */,
			);
			runOnlyForDeploymentPostprocessing = 0;
		};
/* End PBXResourcesBuildPhase section */

/* Begin PBXSourcesBuildPhase section */
		DC44AC6B264B0AD8001A3FD4 /* Sources */ = {
			isa = PBXSourcesBuildPhase;
			buildActionMask = 2147483647;
			files = (
				DC44AC9F264CC96D001A3FD4 /* enums.swift in Sources */,
				DC44AC97264CC075001A3FD4 /* CategoryListViewController.swift in Sources */,
				DC44ACAB264CDAC8001A3FD4 /* CustomTableViewCell.swift in Sources */,
				DC44AC9B264CC08C001A3FD4 /* CategoryDetailsViewController.swift in Sources */,
				DC44ACB1264DC417001A3FD4 /* AddExpenseViewController.swift in Sources */,
				DC44AC93264C2CA5001A3FD4 /* AddCategoryViewController.swift in Sources */,
				DC44AC73264B0AD8001A3FD4 /* AppDelegate.swift in Sources */,
				DC44AC7D264B0AD8001A3FD4 /* Spending_Management_Tool.xcdatamodeld in Sources */,
				DC76B5EA26554A6B0070B8BF /* TableView.swift in Sources */,
				DC44ACB8264F2104001A3FD4 /* ExpenseTableViewCell.swift in Sources */,
				DC44AC75264B0AD8001A3FD4 /* SceneDelegate.swift in Sources */,
				DC76B5E7265479C20070B8BF /* ProgressBar.swift in Sources */,
				DC44ACB4264F0A6D001A3FD4 /* PieChart.swift in Sources */,
			);
			runOnlyForDeploymentPostprocessing = 0;
		};
/* End PBXSourcesBuildPhase section */

/* Begin PBXVariantGroup section */
		DC44AC78264B0AD8001A3FD4 /* Main.storyboard */ = {
			isa = PBXVariantGroup;
			children = (
				DC44AC79264B0AD8001A3FD4 /* Base */,
			);
			name = Main.storyboard;
			sourceTree = "<group>";
		};
		DC44AC80264B0ADB001A3FD4 /* LaunchScreen.storyboard */ = {
			isa = PBXVariantGroup;
			children = (
				DC44AC81264B0ADB001A3FD4 /* Base */,
			);
			name = LaunchScreen.storyboard;
			sourceTree = "<group>";
		};
/* End PBXVariantGroup section */

/* Begin XCBuildConfiguration section */
		DC44AC84264B0ADB001A3FD4 /* Debug */ = {
			isa = XCBuildConfiguration;
			buildSettings = {
				ALWAYS_SEARCH_USER_PATHS = NO;
				CLANG_ANALYZER_NONNULL = YES;
				CLANG_ANALYZER_NUMBER_OBJECT_CONVERSION = YES_AGGRESSIVE;
				CLANG_CXX_LANGUAGE_STANDARD = "gnu++14";
				CLANG_CXX_LIBRARY = "libc++";
				CLANG_ENABLE_MODULES = YES;
				CLANG_ENABLE_OBJC_ARC = YES;
				CLANG_ENABLE_OBJC_WEAK = YES;
				CLANG_WARN_BLOCK_CAPTURE_AUTORELEASING = YES;
				CLANG_WARN_BOOL_CONVERSION = YES;
				CLANG_WARN_COMMA = YES;
				CLANG_WARN_CONSTANT_CONVERSION = YES;
				CLANG_WARN_DEPRECATED_OBJC_IMPLEMENTATIONS = YES;
				CLANG_WARN_DIRECT_OBJC_ISA_USAGE = YES_ERROR;
				CLANG_WARN_DOCUMENTATION_COMMENTS = YES;
				CLANG_WARN_EMPTY_BODY = YES;
				CLANG_WARN_ENUM_CONVERSION = YES;
				CLANG_WARN_INFINITE_RECURSION = YES;
				CLANG_WARN_INT_CONVERSION = YES;
				CLANG_WARN_NON_LITERAL_NULL_CONVERSION = YES;
				CLANG_WARN_OBJC_IMPLICIT_RETAIN_SELF = YES;
				CLANG_WARN_OBJC_LITERAL_CONVERSION = YES;
				CLANG_WARN_OBJC_ROOT_CLASS = YES_ERROR;
				CLANG_WARN_QUOTED_INCLUDE_IN_FRAMEWORK_HEADER = YES;
				CLANG_WARN_RANGE_LOOP_ANALYSIS = YES;
				CLANG_WARN_STRICT_PROTOTYPES = YES;
				CLANG_WARN_SUSPICIOUS_MOVE = YES;
				CLANG_WARN_UNGUARDED_AVAILABILITY = YES_AGGRESSIVE;
				CLANG_WARN_UNREACHABLE_CODE = YES;
				CLANG_WARN__DUPLICATE_METHOD_MATCH = YES;
				COPY_PHASE_STRIP = NO;
				DEBUG_INFORMATION_FORMAT = dwarf;
				ENABLE_STRICT_OBJC_MSGSEND = YES;
				ENABLE_TESTABILITY = YES;
				GCC_C_LANGUAGE_STANDARD = gnu11;
				GCC_DYNAMIC_NO_PIC = NO;
				GCC_NO_COMMON_BLOCKS = YES;
				GCC_OPTIMIZATION_LEVEL = 0;
				GCC_PREPROCESSOR_DEFINITIONS = (
					"DEBUG=1",
					"$(inherited)",
				);
				GCC_WARN_64_TO_32_BIT_CONVERSION = YES;
				GCC_WARN_ABOUT_RETURN_TYPE = YES_ERROR;
				GCC_WARN_UNDECLARED_SELECTOR = YES;
				GCC_WARN_UNINITIALIZED_AUTOS = YES_AGGRESSIVE;
				GCC_WARN_UNUSED_FUNCTION = YES;
				GCC_WARN_UNUSED_VARIABLE = YES;
				IPHONEOS_DEPLOYMENT_TARGET = 14.4;
				MTL_ENABLE_DEBUG_INFO = INCLUDE_SOURCE;
				MTL_FAST_MATH = YES;
				ONLY_ACTIVE_ARCH = YES;
				SDKROOT = iphoneos;
				SWIFT_ACTIVE_COMPILATION_CONDITIONS = DEBUG;
				SWIFT_OPTIMIZATION_LEVEL = "-Onone";
			};
			name = Debug;
		};
		DC44AC85264B0ADB001A3FD4 /* Release */ = {
			isa = XCBuildConfiguration;
			buildSettings = {
				ALWAYS_SEARCH_USER_PATHS = NO;
				CLANG_ANALYZER_NONNULL = YES;
				CLANG_ANALYZER_NUMBER_OBJECT_CONVERSION = YES_AGGRESSIVE;
				CLANG_CXX_LANGUAGE_STANDARD = "gnu++14";
				CLANG_CXX_LIBRARY = "libc++";
				CLANG_ENABLE_MODULES = YES;
				CLANG_ENABLE_OBJC_ARC = YES;
				CLANG_ENABLE_OBJC_WEAK = YES;
				CLANG_WARN_BLOCK_CAPTURE_AUTORELEASING = YES;
				CLANG_WARN_BOOL_CONVERSION = YES;
				CLANG_WARN_COMMA = YES;
				CLANG_WARN_CONSTANT_CONVERSION = YES;
				CLANG_WARN_DEPRECATED_OBJC_IMPLEMENTATIONS = YES;
				CLANG_WARN_DIRECT_OBJC_ISA_USAGE = YES_ERROR;
				CLANG_WARN_DOCUMENTATION_COMMENTS = YES;
				CLANG_WARN_EMPTY_BODY = YES;
				CLANG_WARN_ENUM_CONVERSION = YES;
				CLANG_WARN_INFINITE_RECURSION = YES;
				CLANG_WARN_INT_CONVERSION = YES;
				CLANG_WARN_NON_LITERAL_NULL_CONVERSION = YES;
				CLANG_WARN_OBJC_IMPLICIT_RETAIN_SELF = YES;
				CLANG_WARN_OBJC_LITERAL_CONVERSION = YES;
				CLANG_WARN_OBJC_ROOT_CLASS = YES_ERROR;
				CLANG_WARN_QUOTED_INCLUDE_IN_FRAMEWORK_HEADER = YES;
				CLANG_WARN_RANGE_LOOP_ANALYSIS = YES;
				CLANG_WARN_STRICT_PROTOTYPES = YES;
				CLANG_WARN_SUSPICIOUS_MOVE = YES;
				CLANG_WARN_UNGUARDED_AVAILABILITY = YES_AGGRESSIVE;
				CLANG_WARN_UNREACHABLE_CODE = YES;
				CLANG_WARN__DUPLICATE_METHOD_MATCH = YES;
				COPY_PHASE_STRIP = NO;
				DEBUG_INFORMATION_FORMAT = "dwarf-with-dsym";
				ENABLE_NS_ASSERTIONS = NO;
				ENABLE_STRICT_OBJC_MSGSEND = YES;
				GCC_C_LANGUAGE_STANDARD = gnu11;
				GCC_NO_COMMON_BLOCKS = YES;
				GCC_WARN_64_TO_32_BIT_CONVERSION = YES;
				GCC_WARN_ABOUT_RETURN_TYPE = YES_ERROR;
				GCC_WARN_UNDECLARED_SELECTOR = YES;
				GCC_WARN_UNINITIALIZED_AUTOS = YES_AGGRESSIVE;
				GCC_WARN_UNUSED_FUNCTION = YES;
				GCC_WARN_UNUSED_VARIABLE = YES;
				IPHONEOS_DEPLOYMENT_TARGET = 14.4;
				MTL_ENABLE_DEBUG_INFO = NO;
				MTL_FAST_MATH = YES;
				SDKROOT = iphoneos;
				SWIFT_COMPILATION_MODE = wholemodule;
				SWIFT_OPTIMIZATION_LEVEL = "-O";
				VALIDATE_PRODUCT = YES;
			};
			name = Release;
		};
		DC44AC87264B0ADB001A3FD4 /* Debug */ = {
			isa = XCBuildConfiguration;
			buildSettings = {
				ASSETCATALOG_COMPILER_APPICON_NAME = AppIcon;
				ASSETCATALOG_COMPILER_GLOBAL_ACCENT_COLOR_NAME = AccentColor;
				CODE_SIGN_STYLE = Automatic;
				DEVELOPMENT_TEAM = ZK7Z83L69S;
				INFOPLIST_FILE = "Spending Management Tool/Info.plist";
				LD_RUNPATH_SEARCH_PATHS = (
					"$(inherited)",
					"@executable_path/Frameworks",
				);
				PRODUCT_BUNDLE_IDENTIFIER = "com.malshan.Spending-Management-Tool";
				PRODUCT_NAME = "$(TARGET_NAME)";
				SWIFT_VERSION = 5.0;
				TARGETED_DEVICE_FAMILY = 2;
			};
			name = Debug;
		};
		DC44AC88264B0ADB001A3FD4 /* Release */ = {
			isa = XCBuildConfiguration;
			buildSettings = {
				ASSETCATALOG_COMPILER_APPICON_NAME = AppIcon;
				ASSETCATALOG_COMPILER_GLOBAL_ACCENT_COLOR_NAME = AccentColor;
				CODE_SIGN_STYLE = Automatic;
				DEVELOPMENT_TEAM = ZK7Z83L69S;
				INFOPLIST_FILE = "Spending Management Tool/Info.plist";
				LD_RUNPATH_SEARCH_PATHS = (
					"$(inherited)",
					"@executable_path/Frameworks",
				);
				PRODUCT_BUNDLE_IDENTIFIER = "com.malshan.Spending-Management-Tool";
				PRODUCT_NAME = "$(TARGET_NAME)";
				SWIFT_VERSION = 5.0;
				TARGETED_DEVICE_FAMILY = 2;
			};
			name = Release;
		};
/* End XCBuildConfiguration section */

/* Begin XCConfigurationList section */
		DC44AC6A264B0AD8001A3FD4 /* Build configuration list for PBXProject "Spending Management Tool" */ = {
			isa = XCConfigurationList;
			buildConfigurations = (
				DC44AC84264B0ADB001A3FD4 /* Debug */,
				DC44AC85264B0ADB001A3FD4 /* Release */,
			);
			defaultConfigurationIsVisible = 0;
			defaultConfigurationName = Release;
		};
		DC44AC86264B0ADB001A3FD4 /* Build configuration list for PBXNativeTarget "Spending Management Tool" */ = {
			isa = XCConfigurationList;
			buildConfigurations = (
				DC44AC87264B0ADB001A3FD4 /* Debug */,
				DC44AC88264B0ADB001A3FD4 /* Release */,
			);
			defaultConfigurationIsVisible = 0;
			defaultConfigurationName = Release;
		};
/* End XCConfigurationList section */

/* Begin XCVersionGroup section */
		DC44AC7B264B0AD8001A3FD4 /* Spending_Management_Tool.xcdatamodeld */ = {
			isa = XCVersionGroup;
			children = (
				DC44AC7C264B0AD8001A3FD4 /* Spending_Management_Tool.xcdatamodel */,
			);
			currentVersion = DC44AC7C264B0AD8001A3FD4 /* Spending_Management_Tool.xcdatamodel */;
			path = Spending_Management_Tool.xcdatamodeld;
			sourceTree = "<group>";
			versionGroupType = wrapper.xcdatamodel;
		};
/* End XCVersionGroup section */
	};
	rootObject = DC44AC67264B0AD8001A3FD4 /* Project object */;
}
